
Microsoft Visual Studio Solution File, Format Version 12.00
# Visual Studio Version 16
VisualStudioVersion = 16.0.32106.194
MinimumVisualStudioVersion = 10.0.40219.1
Project("{FAE04EC0-301F-11D3-BF4B-00C04F79EFBC}") = "JSONKonusu", "JSONKonusu\JSONKonusu.csproj", "{3592F07C-5389-467F-ADAD-FFC826DC36D9}"
EndProject
Project("{FAE04EC0-301F-11D3-BF4B-00C04F79EFBC}") = "CSWKullanımı", "CSWKullanımı\CSWKullanımı.csproj", "{C81E3F2C-FB03-4BA3-A082-A1B54BB1198F}"
EndProject
Global
	GlobalSection(SolutionConfigurationPlatforms) = preSolution
		Debug|Any CPU = Debug|Any CPU
		Release|Any CPU = Release|Any CPU
	EndGlobalSection
	GlobalSection(ProjectConfigurationPlatforms) = postSolution
		{3592F07C-5389-467F-ADAD-FFC826DC36D9}.Debug|Any CPU.ActiveCfg = Debug|Any CPU
		{3592F07C-5389-467F-ADAD-FFC826DC36D9}.Debug|Any CPU.Build.0 = Debug|Any CPU
		{3592F07C-5389-467F-ADAD-FFC826DC36D9}.Release|Any CPU.ActiveCfg = Release|Any CPU
		{3592F07C-5389-467F-ADAD-FFC826DC36D9}.Release|Any CPU.Build.0 = Release|Any CPU
		{C81E3F2C-FB03-4BA3-A082-A1B54BB1198F}.Debug|Any CPU.ActiveCfg = Debug|Any CPU
		{C81E3F2C-FB03-4BA3-A082-A1B54BB1198F}.Debug|Any CPU.Build.0 = Debug|Any CPU
		{C81E3F2C-FB03-4BA3-A082-A1B54BB1198F}.Release|Any CPU.ActiveCfg = Release|Any CPU
		{C81E3F2C-FB03-4BA3-A082-A1B54BB1198F}.Release|Any CPU.Build.0 = Release|Any CPU
	EndGlobalSection
	GlobalSection(SolutionProperties) = preSolution
		HideSolutionNode = FALSE
	EndGlobalSection
	GlobalSection(ExtensibilityGlobals) = postSolution
		SolutionGuid = {C8A5803F-6424-4A57-B724-BD333B261921}
	EndGlobalSection
EndGlobal
